# This file is automatically @generated by Cargo.
# It is not intended for manual editing.
version = 4

[[package]]
name = "wa-wire-adapter"
version = "0.1.0"
dependencies = [
 "wa-wire-contract",
]

[[package]]
name = "wa-wire-alloc-check"
version = "0.1.0"
dependencies = [
 "wa-wire-codec",
 "wa-wire-contract",
 "wa-wire-l1",
 "wa-wire-proto",
 "wa-wire-recording",
]

[[package]]
name = "wa-wire-codec"
version = "0.1.0"
dependencies = [
 "wa-wire-contract",
]

[[package]]
name = "wa-wire-conformance"
version = "0.1.0"
dependencies = [
 "wa-wire-adapter",
 "wa-wire-codec",
 "wa-wire-contract",
 "wa-wire-l1",
 "wa-wire-proto",
 "wa-wire-recording",
]

[[package]]
name = "wa-wire-contract"
version = "0.1.1"

[[package]]
name = "wa-wire-example-consumer"
version = "0.1.0"
dependencies = [
 "wa-wire-adapter",
 "wa-wire-codec",
 "wa-wire-contract",
 "wa-wire-l1",
]

[[package]]
name = "wa-wire-gate"
version = "0.1.0"
dependencies = [
 "wa-wire-adapter",
 "wa-wire-codec",
 "wa-wire-conformance",
 "wa-wire-contract",
 "wa-wire-l1",
 "wa-wire-recording",
]

[[package]]
name = "wa-wire-l1"
version = "0.1.0"
dependencies = [
 "wa-wire-codec",
 "wa-wire-l1",
 "wa-wire-proto",
]

[[package]]
name = "wa-wire-proto"
version = "0.1.0"

[[package]]
name = "wa-wire-recording"
version = "0.1.0"
dependencies = [
 "wa-wire-contract",
]
