# This file is automatically @generated by Cargo.
# It is not intended for manual editing.
version = 4

[[package]]
name = "wa-wire-adapter"
version = "0.1.0"
dependencies = [
 "wa-wire-contract",
]

[[package]]
name = "wa-wire-codec"
version = "0.1.0"
dependencies = [
 "wa-wire-contract",
]

[[package]]
name = "wa-wire-contract"
version = "0.1.0"

[[package]]
name = "wa-wire-l1"
version = "0.1.0"
dependencies = [
 "wa-wire-codec",
 "wa-wire-l1",
]
